// !$*UTF8*$!
{
	archiveVersion = 1;
	classes = {
	};
	objectVersion = 52;
	objects = {

/* Begin PBXBuildFile section */
		F0490D2126C859770084F100 /* Delt_InfoApp.swift in Sources */ = {isa = PBXBuildFile; fileRef = F0490D2026C859770084F100 /* Delt_InfoApp.swift */; };
		F0490D2326C859770084F100 /* HomeView.swift in Sources */ = {isa = PBXBuildFile; fileRef = F0490D2226C859770084F100 /* HomeView.swift */; };
		F0490D2526C859780084F100 /* Assets.xcassets in Resources */ = {isa = PBXBuildFile; fileRef = F0490D2426C859780084F100 /* Assets.xcassets */; };
		F0490D2826C859780084F100 /* Preview Assets.xcassets in Resources */ = {isa = PBXBuildFile; fileRef = F0490D2726C859780084F100 /* Preview Assets.xcassets */; };
		F0490D3326C859780084F100 /* Delt_InfoTests.swift in Sources */ = {isa = PBXBuildFile; fileRef = F0490D3226C859780084F100 /* Delt_InfoTests.swift */; };
		F0490D3E26C859780084F100 /* Delt_InfoUITests.swift in Sources */ = {isa = PBXBuildFile; fileRef = F0490D3D26C859780084F100 /* Delt_InfoUITests.swift */; };
		F0490D4D26C85A890084F100 /* BrotherListView.swift in Sources */ = {isa = PBXBuildFile; fileRef = F0490D4C26C85A890084F100 /* BrotherListView.swift */; };
		F0490D5126C85AA80084F100 /* Brother.swift in Sources */ = {isa = PBXBuildFile; fileRef = F0490D5026C85AA80084F100 /* Brother.swift */; };
		F0490D5326C85DFF0084F100 /* BrotherListItemView.swift in Sources */ = {isa = PBXBuildFile; fileRef = F0490D5226C85DFF0084F100 /* BrotherListItemView.swift */; };
		F0490D5526C865220084F100 /* BrotherExtendedInfoView.swift in Sources */ = {isa = PBXBuildFile; fileRef = F0490D5426C865220084F100 /* BrotherExtendedInfoView.swift */; };
		F0490D5726C867500084F100 /* CustomUI.swift in Sources */ = {isa = PBXBuildFile; fileRef = F0490D5626C867500084F100 /* CustomUI.swift */; };
		F0490D5926C872850084F100 /* LabeledListRow.swift in Sources */ = {isa = PBXBuildFile; fileRef = F0490D5826C872850084F100 /* LabeledListRow.swift */; };
		F0490D5C26C878350084F100 /* Alamofire in Frameworks */ = {isa = PBXBuildFile; productRef = F0490D5B26C878350084F100 /* Alamofire */; };
		F0490D5E26C87C760084F100 /* BrotherListModel.swift in Sources */ = {isa = PBXBuildFile; fileRef = F0490D5D26C87C760084F100 /* BrotherListModel.swift */; };
		F0490D6126C881900084F100 /* SwiftyJSON in Frameworks */ = {isa = PBXBuildFile; productRef = F0490D6026C881900084F100 /* SwiftyJSON */; };
		F0E8485C26C96DCF003C1368 /* BrotherListFilterMenu.swift in Sources */ = {isa = PBXBuildFile; fileRef = F0E8485B26C96DCF003C1368 /* BrotherListFilterMenu.swift */; };
/* End PBXBuildFile section */

/* Begin PBXContainerItemProxy section */
		F0490D2F26C859780084F100 /* PBXContainerItemProxy */ = {
			isa = PBXContainerItemProxy;
			containerPortal = F0490D1526C859770084F100 /* Project object */;
			proxyType = 1;
			remoteGlobalIDString = F0490D1C26C859770084F100;
			remoteInfo = "Delt Info";
		};
		F0490D3A26C859780084F100 /* PBXContainerItemProxy */ = {
			isa = PBXContainerItemProxy;
			containerPortal = F0490D1526C859770084F100 /* Project object */;
			proxyType = 1;
			remoteGlobalIDString = F0490D1C26C859770084F100;
			remoteInfo = "Delt Info";
		};
/* End PBXContainerItemProxy section */

/* Begin PBXFileReference section */
		F0490D1D26C859770084F100 /* Delt Info.app */ = {isa = PBXFileReference; explicitFileType = wrapper.application; includeInIndex = 0; path = "Delt Info.app"; sourceTree = BUILT_PRODUCTS_DIR; };
		F0490D2026C859770084F100 /* Delt_InfoApp.swift */ = {isa = PBXFileReference; lastKnownFileType = sourcecode.swift; path = Delt_InfoApp.swift; sourceTree = "<group>"; };
		F0490D2226C859770084F100 /* HomeView.swift */ = {isa = PBXFileReference; lastKnownFileType = sourcecode.swift; path = HomeView.swift; sourceTree = "<group>"; };
		F0490D2426C859780084F100 /* Assets.xcassets */ = {isa = PBXFileReference; lastKnownFileType = folder.assetcatalog; path = Assets.xcassets; sourceTree = "<group>"; };
		F0490D2726C859780084F100 /* Preview Assets.xcassets */ = {isa = PBXFileReference; lastKnownFileType = folder.assetcatalog; path = "Preview Assets.xcassets"; sourceTree = "<group>"; };
		F0490D2926C859780084F100 /* Info.plist */ = {isa = PBXFileReference; lastKnownFileType = text.plist.xml; path = Info.plist; sourceTree = "<group>"; };
		F0490D2E26C859780084F100 /* Delt InfoTests.xctest */ = {isa = PBXFileReference; explicitFileType = wrapper.cfbundle; includeInIndex = 0; path = "Delt InfoTests.xctest"; sourceTree = BUILT_PRODUCTS_DIR; };
		F0490D3226C859780084F100 /* Delt_InfoTests.swift */ = {isa = PBXFileReference; lastKnownFileType = sourcecode.swift; path = Delt_InfoTests.swift; sourceTree = "<group>"; };
		F0490D3426C859780084F100 /* Info.plist */ = {isa = PBXFileReference; lastKnownFileType = text.plist.xml; path = Info.plist; sourceTree = "<group>"; };
		F0490D3926C859780084F100 /* Delt InfoUITests.xctest */ = {isa = PBXFileReference; explicitFileType = wrapper.cfbundle; includeInIndex = 0; path = "Delt InfoUITests.xctest"; sourceTree = BUILT_PRODUCTS_DIR; };
		F0490D3D26C859780084F100 /* Delt_InfoUITests.swift */ = {isa = PBXFileReference; lastKnownFileType = sourcecode.swift; path = Delt_InfoUITests.swift; sourceTree = "<group>"; };
		F0490D3F26C859780084F100 /* Info.plist */ = {isa = PBXFileReference; lastKnownFileType = text.plist.xml; path = Info.plist; sourceTree = "<group>"; };
		F0490D4C26C85A890084F100 /* BrotherListView.swift */ = {isa = PBXFileReference; lastKnownFileType = sourcecode.swift; path = BrotherListView.swift; sourceTree = "<group>"; };
		F0490D5026C85AA80084F100 /* Brother.swift */ = {isa = PBXFileReference; lastKnownFileType = sourcecode.swift; path = Brother.swift; sourceTree = "<group>"; };
		F0490D5226C85DFF0084F100 /* BrotherListItemView.swift */ = {isa = PBXFileReference; lastKnownFileType = sourcecode.swift; path = BrotherListItemView.swift; sourceTree = "<group>"; };
		F0490D5426C865220084F100 /* BrotherExtendedInfoView.swift */ = {isa = PBXFileReference; lastKnownFileType = sourcecode.swift; path = BrotherExtendedInfoView.swift; sourceTree = "<group>"; };
		F0490D5626C867500084F100 /* CustomUI.swift */ = {isa = PBXFileReference; lastKnownFileType = sourcecode.swift; path = CustomUI.swift; sourceTree = "<group>"; };
		F0490D5826C872850084F100 /* LabeledListRow.swift */ = {isa = PBXFileReference; lastKnownFileType = sourcecode.swift; path = LabeledListRow.swift; sourceTree = "<group>"; };
		F0490D5D26C87C760084F100 /* BrotherListModel.swift */ = {isa = PBXFileReference; lastKnownFileType = sourcecode.swift; path = BrotherListModel.swift; sourceTree = "<group>"; };
		F0E8485B26C96DCF003C1368 /* BrotherListFilterMenu.swift */ = {isa = PBXFileReference; lastKnownFileType = sourcecode.swift; path = BrotherListFilterMenu.swift; sourceTree = "<group>"; };
/* End PBXFileReference section */

/* Begin PBXFrameworksBuildPhase section */
		F0490D1A26C859770084F100 /* Frameworks */ = {
			isa = PBXFrameworksBuildPhase;
			buildActionMask = 2147483647;
			files = (
				F0490D6126C881900084F100 /* SwiftyJSON in Frameworks */,
				F0490D5C26C878350084F100 /* Alamofire in Frameworks */,
			);
			runOnlyForDeploymentPostprocessing = 0;
		};
		F0490D2B26C859780084F100 /* Frameworks */ = {
			isa = PBXFrameworksBuildPhase;
			buildActionMask = 2147483647;
			files = (
			);
			runOnlyForDeploymentPostprocessing = 0;
		};
		F0490D3626C859780084F100 /* Frameworks */ = {
			isa = PBXFrameworksBuildPhase;
			buildActionMask = 2147483647;
			files = (
			);
			runOnlyForDeploymentPostprocessing = 0;
		};
/* End PBXFrameworksBuildPhase section */

/* Begin PBXGroup section */
		F0490D1426C859770084F100 = {
			isa = PBXGroup;
			children = (
				F0490D1F26C859770084F100 /* Delt Info */,
				F0490D3126C859780084F100 /* Delt InfoTests */,
				F0490D3C26C859780084F100 /* Delt InfoUITests */,
				F0490D1E26C859770084F100 /* Products */,
			);
			sourceTree = "<group>";
		};
		F0490D1E26C859770084F100 /* Products */ = {
			isa = PBXGroup;
			children = (
				F0490D1D26C859770084F100 /* Delt Info.app */,
				F0490D2E26C859780084F100 /* Delt InfoTests.xctest */,
				F0490D3926C859780084F100 /* Delt InfoUITests.xctest */,
			);
			name = Products;
			sourceTree = "<group>";
		};
		F0490D1F26C859770084F100 /* Delt Info */ = {
			isa = PBXGroup;
			children = (
				F0490D4B26C85A7B0084F100 /* BrotherFlow */,
				F0490D2026C859770084F100 /* Delt_InfoApp.swift */,
				F0490D2226C859770084F100 /* HomeView.swift */,
				F0490D2426C859780084F100 /* Assets.xcassets */,
				F0490D2926C859780084F100 /* Info.plist */,
				F0490D2626C859780084F100 /* Preview Content */,
				F0490D5626C867500084F100 /* CustomUI.swift */,
			);
			path = "Delt Info";
			sourceTree = "<group>";
		};
		F0490D2626C859780084F100 /* Preview Content */ = {
			isa = PBXGroup;
			children = (
				F0490D2726C859780084F100 /* Preview Assets.xcassets */,
			);
			path = "Preview Content";
			sourceTree = "<group>";
		};
		F0490D3126C859780084F100 /* Delt InfoTests */ = {
			isa = PBXGroup;
			children = (
				F0490D3226C859780084F100 /* Delt_InfoTests.swift */,
				F0490D3426C859780084F100 /* Info.plist */,
			);
			path = "Delt InfoTests";
			sourceTree = "<group>";
		};
		F0490D3C26C859780084F100 /* Delt InfoUITests */ = {
			isa = PBXGroup;
			children = (
				F0490D3D26C859780084F100 /* Delt_InfoUITests.swift */,
				F0490D3F26C859780084F100 /* Info.plist */,
			);
			path = "Delt InfoUITests";
			sourceTree = "<group>";
		};
		F0490D4B26C85A7B0084F100 /* BrotherFlow */ = {
			isa = PBXGroup;
			children = (
				F0E8485D26C97561003C1368 /* FilterFlow */,
				F0E8485A26C96DA8003C1368 /* BrotherItemFlow */,
				F0490D4C26C85A890084F100 /* BrotherListView.swift */,
				F0490D5026C85AA80084F100 /* Brother.swift */,
				F0490D5226C85DFF0084F100 /* BrotherListItemView.swift */,
				F0490D5D26C87C760084F100 /* BrotherListModel.swift */,
			);
			path = BrotherFlow;
			sourceTree = "<group>";
		};
		F0E8485A26C96DA8003C1368 /* BrotherItemFlow */ = {
			isa = PBXGroup;
			children = (
				F0490D5426C865220084F100 /* BrotherExtendedInfoView.swift */,
				F0490D5826C872850084F100 /* LabeledListRow.swift */,
			);
			path = BrotherItemFlow;
			sourceTree = "<group>";
		};
		F0E8485D26C97561003C1368 /* FilterFlow */ = {
			isa = PBXGroup;
			children = (
				F0E8485B26C96DCF003C1368 /* BrotherListFilterMenu.swift */,
			);
			path = FilterFlow;
			sourceTree = "<group>";
		};
/* End PBXGroup section */

/* Begin PBXNativeTarget section */
		F0490D1C26C859770084F100 /* Delt Info */ = {
			isa = PBXNativeTarget;
			buildConfigurationList = F0490D4226C859780084F100 /* Build configuration list for PBXNativeTarget "Delt Info" */;
			buildPhases = (
				F0490D1926C859770084F100 /* Sources */,
				F0490D1A26C859770084F100 /* Frameworks */,
				F0490D1B26C859770084F100 /* Resources */,
			);
			buildRules = (
			);
			dependencies = (
			);
			name = "Delt Info";
			packageProductDependencies = (
				F0490D5B26C878350084F100 /* Alamofire */,
				F0490D6026C881900084F100 /* SwiftyJSON */,
			);
			productName = "Delt Info";
			productReference = F0490D1D26C859770084F100 /* Delt Info.app */;
			productType = "com.apple.product-type.application";
		};
		F0490D2D26C859780084F100 /* Delt InfoTests */ = {
			isa = PBXNativeTarget;
			buildConfigurationList = F0490D4526C859780084F100 /* Build configuration list for PBXNativeTarget "Delt InfoTests" */;
			buildPhases = (
				F0490D2A26C859780084F100 /* Sources */,
				F0490D2B26C859780084F100 /* Frameworks */,
				F0490D2C26C859780084F100 /* Resources */,
			);
			buildRules = (
			);
			dependencies = (
				F0490D3026C859780084F100 /* PBXTargetDependency */,
			);
			name = "Delt InfoTests";
			productName = "Delt InfoTests";
			productReference = F0490D2E26C859780084F100 /* Delt InfoTests.xctest */;
			productType = "com.apple.product-type.bundle.unit-test";
		};
		F0490D3826C859780084F100 /* Delt InfoUITests */ = {
			isa = PBXNativeTarget;
			buildConfigurationList = F0490D4826C859780084F100 /* Build configuration list for PBXNativeTarget "Delt InfoUITests" */;
			buildPhases = (
				F0490D3526C859780084F100 /* Sources */,
				F0490D3626C859780084F100 /* Frameworks */,
				F0490D3726C859780084F100 /* Resources */,
			);
			buildRules = (
			);
			dependencies = (
				F0490D3B26C859780084F100 /* PBXTargetDependency */,
			);
			name = "Delt InfoUITests";
			productName = "Delt InfoUITests";
			productReference = F0490D3926C859780084F100 /* Delt InfoUITests.xctest */;
			productType = "com.apple.product-type.bundle.ui-testing";
		};
/* End PBXNativeTarget section */

/* Begin PBXProject section */
		F0490D1526C859770084F100 /* Project object */ = {
			isa = PBXProject;
			attributes = {
				LastSwiftUpdateCheck = 1250;
				LastUpgradeCheck = 1250;
				TargetAttributes = {
					F0490D1C26C859770084F100 = {
						CreatedOnToolsVersion = 12.5.1;
					};
					F0490D2D26C859780084F100 = {
						CreatedOnToolsVersion = 12.5.1;
						TestTargetID = F0490D1C26C859770084F100;
					};
					F0490D3826C859780084F100 = {
						CreatedOnToolsVersion = 12.5.1;
						TestTargetID = F0490D1C26C859770084F100;
					};
				};
			};
			buildConfigurationList = F0490D1826C859770084F100 /* Build configuration list for PBXProject "Delt Info" */;
			compatibilityVersion = "Xcode 9.3";
			developmentRegion = en;
			hasScannedForEncodings = 0;
			knownRegions = (
				en,
				Base,
			);
			mainGroup = F0490D1426C859770084F100;
			packageReferences = (
				F0490D5A26C878350084F100 /* XCRemoteSwiftPackageReference "Alamofire" */,
				F0490D5F26C881900084F100 /* XCRemoteSwiftPackageReference "SwiftyJSON" */,
			);
			productRefGroup = F0490D1E26C859770084F100 /* Products */;
			projectDirPath = "";
			projectRoot = "";
			targets = (
				F0490D1C26C859770084F100 /* Delt Info */,
				F0490D2D26C859780084F100 /* Delt InfoTests */,
				F0490D3826C859780084F100 /* Delt InfoUITests */,
			);
		};
/* End PBXProject section */

/* Begin PBXResourcesBuildPhase section */
		F0490D1B26C859770084F100 /* Resources */ = {
			isa = PBXResourcesBuildPhase;
			buildActionMask = 2147483647;
			files = (
				F0490D2826C859780084F100 /* Preview Assets.xcassets in Resources */,
				F0490D2526C859780084F100 /* Assets.xcassets in Resources */,
			);
			runOnlyForDeploymentPostprocessing = 0;
		};
		F0490D2C26C859780084F100 /* Resources */ = {
			isa = PBXResourcesBuildPhase;
			buildActionMask = 2147483647;
			files = (
			);
			runOnlyForDeploymentPostprocessing = 0;
		};
		F0490D3726C859780084F100 /* Resources */ = {
			isa = PBXResourcesBuildPhase;
			buildActionMask = 2147483647;
			files = (
			);
			runOnlyForDeploymentPostprocessing = 0;
		};
/* End PBXResourcesBuildPhase section */

/* Begin PBXSourcesBuildPhase section */
		F0490D1926C859770084F100 /* Sources */ = {
			isa = PBXSourcesBuildPhase;
			buildActionMask = 2147483647;
			files = (
				F0490D5E26C87C760084F100 /* BrotherListModel.swift in Sources */,
				F0490D4D26C85A890084F100 /* BrotherListView.swift in Sources */,
				F0490D2326C859770084F100 /* HomeView.swift in Sources */,
				F0490D5126C85AA80084F100 /* Brother.swift in Sources */,
				F0490D2126C859770084F100 /* Delt_InfoApp.swift in Sources */,
				F0490D5526C865220084F100 /* BrotherExtendedInfoView.swift in Sources */,
				F0490D5326C85DFF0084F100 /* BrotherListItemView.swift in Sources */,
				F0E8485C26C96DCF003C1368 /* BrotherListFilterMenu.swift in Sources */,
				F0490D5726C867500084F100 /* CustomUI.swift in Sources */,
				F0490D5926C872850084F100 /* LabeledListRow.swift in Sources */,
			);
			runOnlyForDeploymentPostprocessing = 0;
		};
		F0490D2A26C859780084F100 /* Sources */ = {
			isa = PBXSourcesBuildPhase;
			buildActionMask = 2147483647;
			files = (
				F0490D3326C859780084F100 /* Delt_InfoTests.swift in Sources */,
			);
			runOnlyForDeploymentPostprocessing = 0;
		};
		F0490D3526C859780084F100 /* Sources */ = {
			isa = PBXSourcesBuildPhase;
			buildActionMask = 2147483647;
			files = (
				F0490D3E26C859780084F100 /* Delt_InfoUITests.swift in Sources */,
			);
			runOnlyForDeploymentPostprocessing = 0;
		};
/* End PBXSourcesBuildPhase section */

/* Begin PBXTargetDependency section */
		F0490D3026C859780084F100 /* PBXTargetDependency */ = {
			isa = PBXTargetDependency;
			target = F0490D1C26C859770084F100 /* Delt Info */;
			targetProxy = F0490D2F26C859780084F100 /* PBXContainerItemProxy */;
		};
		F0490D3B26C859780084F100 /* PBXTargetDependency */ = {
			isa = PBXTargetDependency;
			target = F0490D1C26C859770084F100 /* Delt Info */;
			targetProxy = F0490D3A26C859780084F100 /* PBXContainerItemProxy */;
		};
/* End PBXTargetDependency section */

/* Begin XCBuildConfiguration section */
		F0490D4026C859780084F100 /* Debug */ = {
			isa = XCBuildConfiguration;
			buildSettings = {
				ALWAYS_SEARCH_USER_PATHS = NO;
				CLANG_ANALYZER_NONNULL = YES;
				CLANG_ANALYZER_NUMBER_OBJECT_CONVERSION = YES_AGGRESSIVE;
				CLANG_CXX_LANGUAGE_STANDARD = "gnu++14";
				CLANG_CXX_LIBRARY = "libc++";
				CLANG_ENABLE_MODULES = YES;
				CLANG_ENABLE_OBJC_ARC = YES;
				CLANG_ENABLE_OBJC_WEAK = YES;
				CLANG_WARN_BLOCK_CAPTURE_AUTORELEASING = YES;
				CLANG_WARN_BOOL_CONVERSION = YES;
				CLANG_WARN_COMMA = YES;
				CLANG_WARN_CONSTANT_CONVERSION = YES;
				CLANG_WARN_DEPRECATED_OBJC_IMPLEMENTATIONS = YES;
				CLANG_WARN_DIRECT_OBJC_ISA_USAGE = YES_ERROR;
				CLANG_WARN_DOCUMENTATION_COMMENTS = YES;
				CLANG_WARN_EMPTY_BODY = YES;
				CLANG_WARN_ENUM_CONVERSION = YES;
				CLANG_WARN_INFINITE_RECURSION = YES;
				CLANG_WARN_INT_CONVERSION = YES;
				CLANG_WARN_NON_LITERAL_NULL_CONVERSION = YES;
				CLANG_WARN_OBJC_IMPLICIT_RETAIN_SELF = YES;
				CLANG_WARN_OBJC_LITERAL_CONVERSION = YES;
				CLANG_WARN_OBJC_ROOT_CLASS = YES_ERROR;
				CLANG_WARN_QUOTED_INCLUDE_IN_FRAMEWORK_HEADER = YES;
				CLANG_WARN_RANGE_LOOP_ANALYSIS = YES;
				CLANG_WARN_STRICT_PROTOTYPES = YES;
				CLANG_WARN_SUSPICIOUS_MOVE = YES;
				CLANG_WARN_UNGUARDED_AVAILABILITY = YES_AGGRESSIVE;
				CLANG_WARN_UNREACHABLE_CODE = YES;
				CLANG_WARN__DUPLICATE_METHOD_MATCH = YES;
				COPY_PHASE_STRIP = NO;
				DEBUG_INFORMATION_FORMAT = dwarf;
				ENABLE_STRICT_OBJC_MSGSEND = YES;
				ENABLE_TESTABILITY = YES;
				GCC_C_LANGUAGE_STANDARD = gnu11;
				GCC_DYNAMIC_NO_PIC = NO;
				GCC_NO_COMMON_BLOCKS = YES;
				GCC_OPTIMIZATION_LEVEL = 0;
				GCC_PREPROCESSOR_DEFINITIONS = (
					"DEBUG=1",
					"$(inherited)",
				);
				GCC_WARN_64_TO_32_BIT_CONVERSION = YES;
				GCC_WARN_ABOUT_RETURN_TYPE = YES_ERROR;
				GCC_WARN_UNDECLARED_SELECTOR = YES;
				GCC_WARN_UNINITIALIZED_AUTOS = YES_AGGRESSIVE;
				GCC_WARN_UNUSED_FUNCTION = YES;
				GCC_WARN_UNUSED_VARIABLE = YES;
				IPHONEOS_DEPLOYMENT_TARGET = 14.5;
				MTL_ENABLE_DEBUG_INFO = INCLUDE_SOURCE;
				MTL_FAST_MATH = YES;
				ONLY_ACTIVE_ARCH = YES;
				SDKROOT = iphoneos;
				SWIFT_ACTIVE_COMPILATION_CONDITIONS = DEBUG;
				SWIFT_OPTIMIZATION_LEVEL = "-Onone";
			};
			name = Debug;
		};
		F0490D4126C859780084F100 /* Release */ = {
			isa = XCBuildConfiguration;
			buildSettings = {
				ALWAYS_SEARCH_USER_PATHS = NO;
				CLANG_ANALYZER_NONNULL = YES;
				CLANG_ANALYZER_NUMBER_OBJECT_CONVERSION = YES_AGGRESSIVE;
				CLANG_CXX_LANGUAGE_STANDARD = "gnu++14";
				CLANG_CXX_LIBRARY = "libc++";
				CLANG_ENABLE_MODULES = YES;
				CLANG_ENABLE_OBJC_ARC = YES;
				CLANG_ENABLE_OBJC_WEAK = YES;
				CLANG_WARN_BLOCK_CAPTURE_AUTORELEASING = YES;
				CLANG_WARN_BOOL_CONVERSION = YES;
				CLANG_WARN_COMMA = YES;
				CLANG_WARN_CONSTANT_CONVERSION = YES;
				CLANG_WARN_DEPRECATED_OBJC_IMPLEMENTATIONS = YES;
				CLANG_WARN_DIRECT_OBJC_ISA_USAGE = YES_ERROR;
				CLANG_WARN_DOCUMENTATION_COMMENTS = YES;
				CLANG_WARN_EMPTY_BODY = YES;
				CLANG_WARN_ENUM_CONVERSION = YES;
				CLANG_WARN_INFINITE_RECURSION = YES;
				CLANG_WARN_INT_CONVERSION = YES;
				CLANG_WARN_NON_LITERAL_NULL_CONVERSION = YES;
				CLANG_WARN_OBJC_IMPLICIT_RETAIN_SELF = YES;
				CLANG_WARN_OBJC_LITERAL_CONVERSION = YES;
				CLANG_WARN_OBJC_ROOT_CLASS = YES_ERROR;
				CLANG_WARN_QUOTED_INCLUDE_IN_FRAMEWORK_HEADER = YES;
				CLANG_WARN_RANGE_LOOP_ANALYSIS = YES;
				CLANG_WARN_STRICT_PROTOTYPES = YES;
				CLANG_WARN_SUSPICIOUS_MOVE = YES;
				CLANG_WARN_UNGUARDED_AVAILABILITY = YES_AGGRESSIVE;
				CLANG_WARN_UNREACHABLE_CODE = YES;
				CLANG_WARN__DUPLICATE_METHOD_MATCH = YES;
				COPY_PHASE_STRIP = NO;
				DEBUG_INFORMATION_FORMAT = "dwarf-with-dsym";
				ENABLE_NS_ASSERTIONS = NO;
				ENABLE_STRICT_OBJC_MSGSEND = YES;
				GCC_C_LANGUAGE_STANDARD = gnu11;
				GCC_NO_COMMON_BLOCKS = YES;
				GCC_WARN_64_TO_32_BIT_CONVERSION = YES;
				GCC_WARN_ABOUT_RETURN_TYPE = YES_ERROR;
				GCC_WARN_UNDECLARED_SELECTOR = YES;
				GCC_WARN_UNINITIALIZED_AUTOS = YES_AGGRESSIVE;
				GCC_WARN_UNUSED_FUNCTION = YES;
				GCC_WARN_UNUSED_VARIABLE = YES;
				IPHONEOS_DEPLOYMENT_TARGET = 14.5;
				MTL_ENABLE_DEBUG_INFO = NO;
				MTL_FAST_MATH = YES;
				SDKROOT = iphoneos;
				SWIFT_COMPILATION_MODE = wholemodule;
				SWIFT_OPTIMIZATION_LEVEL = "-O";
				VALIDATE_PRODUCT = YES;
			};
			name = Release;
		};
		F0490D4326C859780084F100 /* Debug */ = {
			isa = XCBuildConfiguration;
			buildSettings = {
				ASSETCATALOG_COMPILER_APPICON_NAME = AppIcon;
				ASSETCATALOG_COMPILER_GLOBAL_ACCENT_COLOR_NAME = AccentColor;
				CODE_SIGN_STYLE = Automatic;
				DEVELOPMENT_ASSET_PATHS = "\"Delt Info/Preview Content\"";
				DEVELOPMENT_TEAM = G466A7N8C9;
				ENABLE_PREVIEWS = YES;
				INFOPLIST_FILE = "Delt Info/Info.plist";
				IPHONEOS_DEPLOYMENT_TARGET = 14.0;
				LD_RUNPATH_SEARCH_PATHS = (
					"$(inherited)",
					"@executable_path/Frameworks",
				);
				PRODUCT_BUNDLE_IDENTIFIER = "gammapsi.deltataudelta.Delt-Info";
				PRODUCT_NAME = "$(TARGET_NAME)";
				SWIFT_VERSION = 5.0;
				TARGETED_DEVICE_FAMILY = "1,2";
			};
			name = Debug;
		};
		F0490D4426C859780084F100 /* Release */ = {
			isa = XCBuildConfiguration;
			buildSettings = {
				ASSETCATALOG_COMPILER_APPICON_NAME = AppIcon;
				ASSETCATALOG_COMPILER_GLOBAL_ACCENT_COLOR_NAME = AccentColor;
				CODE_SIGN_STYLE = Automatic;
				DEVELOPMENT_ASSET_PATHS = "\"Delt Info/Preview Content\"";
				DEVELOPMENT_TEAM = G466A7N8C9;
				ENABLE_PREVIEWS = YES;
				INFOPLIST_FILE = "Delt Info/Info.plist";
				IPHONEOS_DEPLOYMENT_TARGET = 14.0;
				LD_RUNPATH_SEARCH_PATHS = (
					"$(inherited)",
					"@executable_path/Frameworks",
				);
				PRODUCT_BUNDLE_IDENTIFIER = "gammapsi.deltataudelta.Delt-Info";
				PRODUCT_NAME = "$(TARGET_NAME)";
				SWIFT_VERSION = 5.0;
				TARGETED_DEVICE_FAMILY = "1,2";
			};
			name = Release;
		};
		F0490D4626C859780084F100 /* Debug */ = {
			isa = XCBuildConfiguration;
			buildSettings = {
				ALWAYS_EMBED_SWIFT_STANDARD_LIBRARIES = YES;
				BUNDLE_LOADER = "$(TEST_HOST)";
				CODE_SIGN_STYLE = Automatic;
				DEVELOPMENT_TEAM = G466A7N8C9;
				INFOPLIST_FILE = "Delt InfoTests/Info.plist";
				IPHONEOS_DEPLOYMENT_TARGET = 14.0;
				LD_RUNPATH_SEARCH_PATHS = (
					"$(inherited)",
					"@executable_path/Frameworks",
					"@loader_path/Frameworks",
				);
				PRODUCT_BUNDLE_IDENTIFIER = "gammapsi.deltataudelta.Delt-InfoTests";
				PRODUCT_NAME = "$(TARGET_NAME)";
				SWIFT_VERSION = 5.0;
				TARGETED_DEVICE_FAMILY = "1,2";
				TEST_HOST = "$(BUILT_PRODUCTS_DIR)/Delt Info.app/Delt Info";
			};
			name = Debug;
		};
		F0490D4726C859780084F100 /* Release */ = {
			isa = XCBuildConfiguration;
			buildSettings = {
				ALWAYS_EMBED_SWIFT_STANDARD_LIBRARIES = YES;
				BUNDLE_LOADER = "$(TEST_HOST)";
				CODE_SIGN_STYLE = Automatic;
				DEVELOPMENT_TEAM = G466A7N8C9;
				INFOPLIST_FILE = "Delt InfoTests/Info.plist";
				IPHONEOS_DEPLOYMENT_TARGET = 14.0;
				LD_RUNPATH_SEARCH_PATHS = (
					"$(inherited)",
					"@executable_path/Frameworks",
					"@loader_path/Frameworks",
				);
				PRODUCT_BUNDLE_IDENTIFIER = "gammapsi.deltataudelta.Delt-InfoTests";
				PRODUCT_NAME = "$(TARGET_NAME)";
				SWIFT_VERSION = 5.0;
				TARGETED_DEVICE_FAMILY = "1,2";
				TEST_HOST = "$(BUILT_PRODUCTS_DIR)/Delt Info.app/Delt Info";
			};
			name = Release;
		};
		F0490D4926C859780084F100 /* Debug */ = {
			isa = XCBuildConfiguration;
			buildSettings = {
				ALWAYS_EMBED_SWIFT_STANDARD_LIBRARIES = YES;
				CODE_SIGN_STYLE = Automatic;
				DEVELOPMENT_TEAM = G466A7N8C9;
				INFOPLIST_FILE = "Delt InfoUITests/Info.plist";
				LD_RUNPATH_SEARCH_PATHS = (
					"$(inherited)",
					"@executable_path/Frameworks",
					"@loader_path/Frameworks",
				);
				PRODUCT_BUNDLE_IDENTIFIER = "gammapsi.deltataudelta.Delt-InfoUITests";
				PRODUCT_NAME = "$(TARGET_NAME)";
				SWIFT_VERSION = 5.0;
				TARGETED_DEVICE_FAMILY = "1,2";
				TEST_TARGET_NAME = "Delt Info";
			};
			name = Debug;
		};
		F0490D4A26C859780084F100 /* Release */ = {
			isa = XCBuildConfiguration;
			buildSettings = {
				ALWAYS_EMBED_SWIFT_STANDARD_LIBRARIES = YES;
				CODE_SIGN_STYLE = Automatic;
				DEVELOPMENT_TEAM = G466A7N8C9;
				INFOPLIST_FILE = "Delt InfoUITests/Info.plist";
				LD_RUNPATH_SEARCH_PATHS = (
					"$(inherited)",
					"@executable_path/Frameworks",
					"@loader_path/Frameworks",
				);
				PRODUCT_BUNDLE_IDENTIFIER = "gammapsi.deltataudelta.Delt-InfoUITests";
				PRODUCT_NAME = "$(TARGET_NAME)";
				SWIFT_VERSION = 5.0;
				TARGETED_DEVICE_FAMILY = "1,2";
				TEST_TARGET_NAME = "Delt Info";
			};
			name = Release;
		};
/* End XCBuildConfiguration section */

/* Begin XCConfigurationList section */
		F0490D1826C859770084F100 /* Build configuration list for PBXProject "Delt Info" */ = {
			isa = XCConfigurationList;
			buildConfigurations = (
				F0490D4026C859780084F100 /* Debug */,
				F0490D4126C859780084F100 /* Release */,
			);
			defaultConfigurationIsVisible = 0;
			defaultConfigurationName = Release;
		};
		F0490D4226C859780084F100 /* Build configuration list for PBXNativeTarget "Delt Info" */ = {
			isa = XCConfigurationList;
			buildConfigurations = (
				F0490D4326C859780084F100 /* Debug */,
				F0490D4426C859780084F100 /* Release */,
			);
			defaultConfigurationIsVisible = 0;
			defaultConfigurationName = Release;
		};
		F0490D4526C859780084F100 /* Build configuration list for PBXNativeTarget "Delt InfoTests" */ = {
			isa = XCConfigurationList;
			buildConfigurations = (
				F0490D4626C859780084F100 /* Debug */,
				F0490D4726C859780084F100 /* Release */,
			);
			defaultConfigurationIsVisible = 0;
			defaultConfigurationName = Release;
		};
		F0490D4826C859780084F100 /* Build configuration list for PBXNativeTarget "Delt InfoUITests" */ = {
			isa = XCConfigurationList;
			buildConfigurations = (
				F0490D4926C859780084F100 /* Debug */,
				F0490D4A26C859780084F100 /* Release */,
			);
			defaultConfigurationIsVisible = 0;
			defaultConfigurationName = Release;
		};
/* End XCConfigurationList section */

/* Begin XCRemoteSwiftPackageReference section */
		F0490D5A26C878350084F100 /* XCRemoteSwiftPackageReference "Alamofire" */ = {
			isa = XCRemoteSwiftPackageReference;
			repositoryURL = "https://github.com/Alamofire/Alamofire.git";
			requirement = {
				kind = upToNextMajorVersion;
				minimumVersion = 5.4.3;
			};
		};
		F0490D5F26C881900084F100 /* XCRemoteSwiftPackageReference "SwiftyJSON" */ = {
			isa = XCRemoteSwiftPackageReference;
			repositoryURL = "https://github.com/SwiftyJSON/SwiftyJSON.git";
			requirement = {
				kind = upToNextMajorVersion;
				minimumVersion = 5.0.1;
			};
		};
/* End XCRemoteSwiftPackageReference section */

/* Begin XCSwiftPackageProductDependency section */
		F0490D5B26C878350084F100 /* Alamofire */ = {
			isa = XCSwiftPackageProductDependency;
			package = F0490D5A26C878350084F100 /* XCRemoteSwiftPackageReference "Alamofire" */;
			productName = Alamofire;
		};
		F0490D6026C881900084F100 /* SwiftyJSON */ = {
			isa = XCSwiftPackageProductDependency;
			package = F0490D5F26C881900084F100 /* XCRemoteSwiftPackageReference "SwiftyJSON" */;
			productName = SwiftyJSON;
		};
/* End XCSwiftPackageProductDependency section */
	};
	rootObject = F0490D1526C859770084F100 /* Project object */;
}
